Microsoft Visual Studio Solution File, Format Version 12.00
# Visual Studio Version 17
VisualStudioVersion = 17.5.2.0
MinimumVisualStudioVersion = 10.0.40219.1
Project("{FAE04EC0-301F-11D3-BF4B-00C04F79EFBC}") = "finShark-demo", "api\finShark-demo.csproj", "{71F68F3B-1DD2-E7DA-125A-E5E2A01C488E}"
EndProject
Global
	GlobalSection(SolutionConfigurationPlatforms) = preSolution
		Debug|Any CPU = Debug|Any CPU
		Release|Any CPU = Release|Any CPU
	EndGlobalSection
	GlobalSection(ProjectConfigurationPlatforms) = postSolution
		{71F68F3B-1DD2-E7DA-125A-E5E2A01C488E}.Debug|Any CPU.ActiveCfg = Debug|Any CPU
		{71F68F3B-1DD2-E7DA-125A-E5E2A01C488E}.Debug|Any CPU.Build.0 = Debug|Any CPU
		{71F68F3B-1DD2-E7DA-125A-E5E2A01C488E}.Release|Any CPU.ActiveCfg = Release|Any CPU
		{71F68F3B-1DD2-E7DA-125A-E5E2A01C488E}.Release|Any CPU.Build.0 = Release|Any CPU
	EndGlobalSection
	GlobalSection(SolutionProperties) = preSolution
		HideSolutionNode = FALSE
	EndGlobalSection
	GlobalSection(ExtensibilityGlobals) = postSolution
		SolutionGuid = {951302D2-64AB-49D4-9734-D4285DEFBC89}
	EndGlobalSection
EndGlobal
